
Microsoft Visual Studio Solution File, Format Version 12.00
# Visual Studio Version 16
VisualStudioVersion = 16.0.28809.33
MinimumVisualStudioVersion = 10.0.40219.1
Project("{FAE04EC0-301F-11D3-BF4B-00C04F79EFBC}") = "JWTAuthenticationWithAspNetCoreAndAngular", "JWTAuthenticationWithAspNetCoreAndAngular\JWTAuthenticationWithAspNetCoreAndAngular.csproj", "{697DE63E-E731-403E-A0EB-860F69DC7BF0}"
EndProject
Global
	GlobalSection(SolutionConfigurationPlatforms) = preSolution
		Debug|Any CPU = Debug|Any CPU
		Release|Any CPU = Release|Any CPU
	EndGlobalSection
	GlobalSection(ProjectConfigurationPlatforms) = postSolution
		{697DE63E-E731-403E-A0EB-860F69DC7BF0}.Debug|Any CPU.ActiveCfg = Debug|Any CPU
		{697DE63E-E731-403E-A0EB-860F69DC7BF0}.Debug|Any CPU.Build.0 = Debug|Any CPU
		{697DE63E-E731-403E-A0EB-860F69DC7BF0}.Release|Any CPU.ActiveCfg = Release|Any CPU
		{697DE63E-E731-403E-A0EB-860F69DC7BF0}.Release|Any CPU.Build.0 = Release|Any CPU
	EndGlobalSection
	GlobalSection(SolutionProperties) = preSolution
		HideSolutionNode = FALSE
	EndGlobalSection
	GlobalSection(ExtensibilityGlobals) = postSolution
		SolutionGuid = {409E482A-C334-4823-B268-FBF6AAC8D9E6}
	EndGlobalSection
EndGlobal
